<Solution>
  <Folder Name="/Miscellanous/">
    <File Path="../readme.md" />
    <File Path="../roadmap.md" />
  </Folder>
  <Folder Name="/Samples/">
    <File Path="../samples/simple.stf" />
  </Folder>
  <Project Path="Steffi.Cli/Steffi.Cli.csproj" />
  <Project Path="Steffi.Models/Steffi.Models.csproj" />
  <Project Path="Steffi.Parsers/Steffi.Parsers.csproj" />
  <Project Path="Steffi.Renderers/Steffi.Renderers.csproj" />
  <Project Path="Steffi.UnitTests/Steffi.UnitTests.csproj" />
</Solution>
